// !$*UTF8*$!
{
	archiveVersion = 1;
	classes = {
	};
	objectVersion = 56;
	objects = {

/* Begin PBXBuildFile section */
		84250D4228F73D9900B02F31 /* AppDelegate.swift in Sources */ = {isa = PBXBuildFile; fileRef = 84250D4128F73D9900B02F31 /* AppDelegate.swift */; };
		84250D4428F73D9900B02F31 /* SceneDelegate.swift in Sources */ = {isa = PBXBuildFile; fileRef = 84250D4328F73D9900B02F31 /* SceneDelegate.swift */; };
		84250D4628F73D9900B02F31 /* ViewController.swift in Sources */ = {isa = PBXBuildFile; fileRef = 84250D4528F73D9900B02F31 /* ViewController.swift */; };
		84250D4928F73D9900B02F31 /* Main.storyboard in Resources */ = {isa = PBXBuildFile; fileRef = 84250D4728F73D9900B02F31 /* Main.storyboard */; };
		84250D4B28F73D9A00B02F31 /* Assets.xcassets in Resources */ = {isa = PBXBuildFile; fileRef = 84250D4A28F73D9A00B02F31 /* Assets.xcassets */; };
		84250D4E28F73D9A00B02F31 /* LaunchScreen.storyboard in Resources */ = {isa = PBXBuildFile; fileRef = 84250D4C28F73D9A00B02F31 /* LaunchScreen.storyboard */; };
		84250D5628F73E8200B02F31 /* CoreController.swift in Sources */ = {isa = PBXBuildFile; fileRef = 84250D5528F73E8200B02F31 /* CoreController.swift */; };
		8426AC9528F9F37B00D308E5 /* OpeningGif.gif in Resources */ = {isa = PBXBuildFile; fileRef = 8426AC9428F9F37B00D308E5 /* OpeningGif.gif */; };
		8451FD1D29005EEE00BCE9A8 /* GradientView.swift in Sources */ = {isa = PBXBuildFile; fileRef = 8451FD1C29005EEE00BCE9A8 /* GradientView.swift */; };
		8451FD212900904800BCE9A8 /* BlurView.swift in Sources */ = {isa = PBXBuildFile; fileRef = 8451FD202900904800BCE9A8 /* BlurView.swift */; };
		8485EAD728FAE64D00702BEB /* gggif .gif in Resources */ = {isa = PBXBuildFile; fileRef = 8485EAD628FAE64D00702BEB /* gggif .gif */; };
		84B03ACB28FA8FC700711362 /* Location.swift in Sources */ = {isa = PBXBuildFile; fileRef = 84B03ACA28FA8FC700711362 /* Location.swift */; };
		84B03ACD28FAC93300711362 /* GifExtinction.swift in Sources */ = {isa = PBXBuildFile; fileRef = 84B03ACC28FAC93300711362 /* GifExtinction.swift */; };
		84E6F9BB2903B6E5005E62E8 /* CustomViews.swift in Sources */ = {isa = PBXBuildFile; fileRef = 84E6F9BA2903B6E5005E62E8 /* CustomViews.swift */; };
		84E6F9BD2903B834005E62E8 /* ShadowView.swift in Sources */ = {isa = PBXBuildFile; fileRef = 84E6F9BC2903B834005E62E8 /* ShadowView.swift */; };
		84E6F9C32903BF4C005E62E8 /* Volja.otf in Resources */ = {isa = PBXBuildFile; fileRef = 84E6F9C12903BEEB005E62E8 /* Volja.otf */; };
		84E6F9C42903BF4F005E62E8 /* Lutsk.ttf in Resources */ = {isa = PBXBuildFile; fileRef = 84E6F9C22903BF24005E62E8 /* Lutsk.ttf */; };
		84E6F9C62903CC1C005E62E8 /* ScoreController.swift in Sources */ = {isa = PBXBuildFile; fileRef = 84E6F9C52903CC1C005E62E8 /* ScoreController.swift */; };
		84E6F9C82904076F005E62E8 /* audio.mp3 in Resources */ = {isa = PBXBuildFile; fileRef = 84E6F9C72904076F005E62E8 /* audio.mp3 */; };
		84E6F9CA290407FE005E62E8 /* TitlesController.swift in Sources */ = {isa = PBXBuildFile; fileRef = 84E6F9C9290407FE005E62E8 /* TitlesController.swift */; };
/* End PBXBuildFile section */

/* Begin PBXFileReference section */
		84250D3E28F73D9900B02F31 /* Calcifer chasing.app */ = {isa = PBXFileReference; explicitFileType = wrapper.application; includeInIndex = 0; path = "Calcifer chasing.app"; sourceTree = BUILT_PRODUCTS_DIR; };
		84250D4128F73D9900B02F31 /* AppDelegate.swift */ = {isa = PBXFileReference; lastKnownFileType = sourcecode.swift; path = AppDelegate.swift; sourceTree = "<group>"; };
		84250D4328F73D9900B02F31 /* SceneDelegate.swift */ = {isa = PBXFileReference; lastKnownFileType = sourcecode.swift; path = SceneDelegate.swift; sourceTree = "<group>"; };
		84250D4528F73D9900B02F31 /* ViewController.swift */ = {isa = PBXFileReference; lastKnownFileType = sourcecode.swift; path = ViewController.swift; sourceTree = "<group>"; };
		84250D4828F73D9900B02F31 /* Base */ = {isa = PBXFileReference; lastKnownFileType = file.storyboard; name = Base; path = Base.lproj/Main.storyboard; sourceTree = "<group>"; };
		84250D4A28F73D9A00B02F31 /* Assets.xcassets */ = {isa = PBXFileReference; lastKnownFileType = folder.assetcatalog; path = Assets.xcassets; sourceTree = "<group>"; };
		84250D4D28F73D9A00B02F31 /* Base */ = {isa = PBXFileReference; lastKnownFileType = file.storyboard; name = Base; path = Base.lproj/LaunchScreen.storyboard; sourceTree = "<group>"; };
		84250D4F28F73D9A00B02F31 /* Info.plist */ = {isa = PBXFileReference; lastKnownFileType = text.plist.xml; path = Info.plist; sourceTree = "<group>"; };
		84250D5528F73E8200B02F31 /* CoreController.swift */ = {isa = PBXFileReference; lastKnownFileType = sourcecode.swift; path = CoreController.swift; sourceTree = "<group>"; };
		8426AC9428F9F37B00D308E5 /* OpeningGif.gif */ = {isa = PBXFileReference; lastKnownFileType = image.gif; path = OpeningGif.gif; sourceTree = "<group>"; };
		8451FD1C29005EEE00BCE9A8 /* GradientView.swift */ = {isa = PBXFileReference; lastKnownFileType = sourcecode.swift; path = GradientView.swift; sourceTree = "<group>"; };
		8451FD202900904800BCE9A8 /* BlurView.swift */ = {isa = PBXFileReference; lastKnownFileType = sourcecode.swift; path = BlurView.swift; sourceTree = "<group>"; };
		8485EAD628FAE64D00702BEB /* gggif .gif */ = {isa = PBXFileReference; lastKnownFileType = image.gif; path = "gggif .gif"; sourceTree = "<group>"; };
		84B03ACA28FA8FC700711362 /* Location.swift */ = {isa = PBXFileReference; lastKnownFileType = sourcecode.swift; path = Location.swift; sourceTree = "<group>"; };
		84B03ACC28FAC93300711362 /* GifExtinction.swift */ = {isa = PBXFileReference; lastKnownFileType = sourcecode.swift; path = GifExtinction.swift; sourceTree = "<group>"; };
		84E6F9BA2903B6E5005E62E8 /* CustomViews.swift */ = {isa = PBXFileReference; lastKnownFileType = sourcecode.swift; path = CustomViews.swift; sourceTree = "<group>"; };
		84E6F9BC2903B834005E62E8 /* ShadowView.swift */ = {isa = PBXFileReference; lastKnownFileType = sourcecode.swift; path = ShadowView.swift; sourceTree = "<group>"; };
		84E6F9C12903BEEB005E62E8 /* Volja.otf */ = {isa = PBXFileReference; lastKnownFileType = file; path = Volja.otf; sourceTree = "<group>"; };
		84E6F9C22903BF24005E62E8 /* Lutsk.ttf */ = {isa = PBXFileReference; lastKnownFileType = file; path = Lutsk.ttf; sourceTree = "<group>"; };
		84E6F9C52903CC1C005E62E8 /* ScoreController.swift */ = {isa = PBXFileReference; lastKnownFileType = sourcecode.swift; path = ScoreController.swift; sourceTree = "<group>"; };
		84E6F9C72904076F005E62E8 /* audio.mp3 */ = {isa = PBXFileReference; lastKnownFileType = audio.mp3; path = audio.mp3; sourceTree = "<group>"; };
		84E6F9C9290407FE005E62E8 /* TitlesController.swift */ = {isa = PBXFileReference; lastKnownFileType = sourcecode.swift; path = TitlesController.swift; sourceTree = "<group>"; };
/* End PBXFileReference section */

/* Begin PBXFrameworksBuildPhase section */
		84250D3B28F73D9900B02F31 /* Frameworks */ = {
			isa = PBXFrameworksBuildPhase;
			buildActionMask = 2147483647;
			files = (
			);
			runOnlyForDeploymentPostprocessing = 0;
		};
/* End PBXFrameworksBuildPhase section */

/* Begin PBXGroup section */
		84250D3528F73D9900B02F31 = {
			isa = PBXGroup;
			children = (
				84250D4028F73D9900B02F31 /* ≪That's the spirit≫ */,
				84250D3F28F73D9900B02F31 /* Products */,
			);
			sourceTree = "<group>";
		};
		84250D3F28F73D9900B02F31 /* Products */ = {
			isa = PBXGroup;
			children = (
				84250D3E28F73D9900B02F31 /* Calcifer chasing.app */,
			);
			name = Products;
			sourceTree = "<group>";
		};
		84250D4028F73D9900B02F31 /* ≪That's the spirit≫ */ = {
			isa = PBXGroup;
			children = (
				84250D4128F73D9900B02F31 /* AppDelegate.swift */,
				84250D4328F73D9900B02F31 /* SceneDelegate.swift */,
				84250D4728F73D9900B02F31 /* Main.storyboard */,
				84250D4A28F73D9A00B02F31 /* Assets.xcassets */,
				84250D4C28F73D9A00B02F31 /* LaunchScreen.storyboard */,
				84250D4F28F73D9A00B02F31 /* Info.plist */,
				8451FD242903192000BCE9A8 /* View Controllers */,
				8451FD222903189E00BCE9A8 /* Gears */,
				8451FD23290318E300BCE9A8 /* Media stuff */,
				84E6F9C02903BEBA005E62E8 /* Fonts */,
			);
			path = "≪That's the spirit≫";
			sourceTree = "<group>";
		};
		8451FD222903189E00BCE9A8 /* Gears */ = {
			isa = PBXGroup;
			children = (
				84B03ACC28FAC93300711362 /* GifExtinction.swift */,
				84B03ACA28FA8FC700711362 /* Location.swift */,
				8451FD202900904800BCE9A8 /* BlurView.swift */,
				84E6F9BA2903B6E5005E62E8 /* CustomViews.swift */,
				8451FD1C29005EEE00BCE9A8 /* GradientView.swift */,
				84E6F9BC2903B834005E62E8 /* ShadowView.swift */,
			);
			path = Gears;
			sourceTree = "<group>";
		};
		8451FD23290318E300BCE9A8 /* Media stuff */ = {
			isa = PBXGroup;
			children = (
				8485EAD628FAE64D00702BEB /* gggif .gif */,
				8426AC9428F9F37B00D308E5 /* OpeningGif.gif */,
				84E6F9C72904076F005E62E8 /* audio.mp3 */,
			);
			path = "Media stuff";
			sourceTree = "<group>";
		};
		8451FD242903192000BCE9A8 /* View Controllers */ = {
			isa = PBXGroup;
			children = (
				84250D4528F73D9900B02F31 /* ViewController.swift */,
				84250D5528F73E8200B02F31 /* CoreController.swift */,
				84E6F9C52903CC1C005E62E8 /* ScoreController.swift */,
				84E6F9C9290407FE005E62E8 /* TitlesController.swift */,
			);
			path = "View Controllers";
			sourceTree = "<group>";
		};
		84E6F9C02903BEBA005E62E8 /* Fonts */ = {
			isa = PBXGroup;
			children = (
				84E6F9C12903BEEB005E62E8 /* Volja.otf */,
				84E6F9C22903BF24005E62E8 /* Lutsk.ttf */,
			);
			path = Fonts;
			sourceTree = "<group>";
		};
/* End PBXGroup section */

/* Begin PBXNativeTarget section */
		84250D3D28F73D9900B02F31 /* Calcifer chasing */ = {
			isa = PBXNativeTarget;
			buildConfigurationList = 84250D5228F73D9A00B02F31 /* Build configuration list for PBXNativeTarget "Calcifer chasing" */;
			buildPhases = (
				84250D3A28F73D9900B02F31 /* Sources */,
				84250D3B28F73D9900B02F31 /* Frameworks */,
				84250D3C28F73D9900B02F31 /* Resources */,
			);
			buildRules = (
			);
			dependencies = (
			);
			name = "Calcifer chasing";
			productName = "≪That's the spirit≫";
			productReference = 84250D3E28F73D9900B02F31 /* Calcifer chasing.app */;
			productType = "com.apple.product-type.application";
		};
/* End PBXNativeTarget section */

/* Begin PBXProject section */
		84250D3628F73D9900B02F31 /* Project object */ = {
			isa = PBXProject;
			attributes = {
				BuildIndependentTargetsInParallel = 1;
				LastSwiftUpdateCheck = 1400;
				LastUpgradeCheck = 1400;
				TargetAttributes = {
					84250D3D28F73D9900B02F31 = {
						CreatedOnToolsVersion = 14.0.1;
					};
				};
			};
			buildConfigurationList = 84250D3928F73D9900B02F31 /* Build configuration list for PBXProject "Calcifer chasing" */;
			compatibilityVersion = "Xcode 14.0";
			developmentRegion = en;
			hasScannedForEncodings = 0;
			knownRegions = (
				en,
				Base,
			);
			mainGroup = 84250D3528F73D9900B02F31;
			productRefGroup = 84250D3F28F73D9900B02F31 /* Products */;
			projectDirPath = "";
			projectRoot = "";
			targets = (
				84250D3D28F73D9900B02F31 /* Calcifer chasing */,
			);
		};
/* End PBXProject section */

/* Begin PBXResourcesBuildPhase section */
		84250D3C28F73D9900B02F31 /* Resources */ = {
			isa = PBXResourcesBuildPhase;
			buildActionMask = 2147483647;
			files = (
				84E6F9C42903BF4F005E62E8 /* Lutsk.ttf in Resources */,
				8485EAD728FAE64D00702BEB /* gggif .gif in Resources */,
				84E6F9C32903BF4C005E62E8 /* Volja.otf in Resources */,
				84E6F9C82904076F005E62E8 /* audio.mp3 in Resources */,
				8426AC9528F9F37B00D308E5 /* OpeningGif.gif in Resources */,
				84250D4E28F73D9A00B02F31 /* LaunchScreen.storyboard in Resources */,
				84250D4B28F73D9A00B02F31 /* Assets.xcassets in Resources */,
				84250D4928F73D9900B02F31 /* Main.storyboard in Resources */,
			);
			runOnlyForDeploymentPostprocessing = 0;
		};
/* End PBXResourcesBuildPhase section */

/* Begin PBXSourcesBuildPhase section */
		84250D3A28F73D9900B02F31 /* Sources */ = {
			isa = PBXSourcesBuildPhase;
			buildActionMask = 2147483647;
			files = (
				84E6F9CA290407FE005E62E8 /* TitlesController.swift in Sources */,
				84250D5628F73E8200B02F31 /* CoreController.swift in Sources */,
				84250D4628F73D9900B02F31 /* ViewController.swift in Sources */,
				8451FD212900904800BCE9A8 /* BlurView.swift in Sources */,
				84B03ACB28FA8FC700711362 /* Location.swift in Sources */,
				84E6F9BD2903B834005E62E8 /* ShadowView.swift in Sources */,
				84B03ACD28FAC93300711362 /* GifExtinction.swift in Sources */,
				8451FD1D29005EEE00BCE9A8 /* GradientView.swift in Sources */,
				84E6F9C62903CC1C005E62E8 /* ScoreController.swift in Sources */,
				84250D4228F73D9900B02F31 /* AppDelegate.swift in Sources */,
				84250D4428F73D9900B02F31 /* SceneDelegate.swift in Sources */,
				84E6F9BB2903B6E5005E62E8 /* CustomViews.swift in Sources */,
			);
			runOnlyForDeploymentPostprocessing = 0;
		};
/* End PBXSourcesBuildPhase section */

/* Begin PBXVariantGroup section */
		84250D4728F73D9900B02F31 /* Main.storyboard */ = {
			isa = PBXVariantGroup;
			children = (
				84250D4828F73D9900B02F31 /* Base */,
			);
			name = Main.storyboard;
			sourceTree = "<group>";
		};
		84250D4C28F73D9A00B02F31 /* LaunchScreen.storyboard */ = {
			isa = PBXVariantGroup;
			children = (
				84250D4D28F73D9A00B02F31 /* Base */,
			);
			name = LaunchScreen.storyboard;
			sourceTree = "<group>";
		};
/* End PBXVariantGroup section */

/* Begin XCBuildConfiguration section */
		84250D5028F73D9A00B02F31 /* Debug */ = {
			isa = XCBuildConfiguration;
			buildSettings = {
				ALWAYS_SEARCH_USER_PATHS = NO;
				CLANG_ANALYZER_NONNULL = YES;
				CLANG_ANALYZER_NUMBER_OBJECT_CONVERSION = YES_AGGRESSIVE;
				CLANG_CXX_LANGUAGE_STANDARD = "gnu++20";
				CLANG_ENABLE_MODULES = YES;
				CLANG_ENABLE_OBJC_ARC = YES;
				CLANG_ENABLE_OBJC_WEAK = YES;
				CLANG_WARN_BLOCK_CAPTURE_AUTORELEASING = YES;
				CLANG_WARN_BOOL_CONVERSION = YES;
				CLANG_WARN_COMMA = YES;
				CLANG_WARN_CONSTANT_CONVERSION = YES;
				CLANG_WARN_DEPRECATED_OBJC_IMPLEMENTATIONS = YES;
				CLANG_WARN_DIRECT_OBJC_ISA_USAGE = YES_ERROR;
				CLANG_WARN_DOCUMENTATION_COMMENTS = YES;
				CLANG_WARN_EMPTY_BODY = YES;
				CLANG_WARN_ENUM_CONVERSION = YES;
				CLANG_WARN_INFINITE_RECURSION = YES;
				CLANG_WARN_INT_CONVERSION = YES;
				CLANG_WARN_NON_LITERAL_NULL_CONVERSION = YES;
				CLANG_WARN_OBJC_IMPLICIT_RETAIN_SELF = YES;
				CLANG_WARN_OBJC_LITERAL_CONVERSION = YES;
				CLANG_WARN_OBJC_ROOT_CLASS = YES_ERROR;
				CLANG_WARN_QUOTED_INCLUDE_IN_FRAMEWORK_HEADER = YES;
				CLANG_WARN_RANGE_LOOP_ANALYSIS = YES;
				CLANG_WARN_STRICT_PROTOTYPES = YES;
				CLANG_WARN_SUSPICIOUS_MOVE = YES;
				CLANG_WARN_UNGUARDED_AVAILABILITY = YES_AGGRESSIVE;
				CLANG_WARN_UNREACHABLE_CODE = YES;
				CLANG_WARN__DUPLICATE_METHOD_MATCH = YES;
				COPY_PHASE_STRIP = NO;
				DEBUG_INFORMATION_FORMAT = dwarf;
				ENABLE_STRICT_OBJC_MSGSEND = YES;
				ENABLE_TESTABILITY = YES;
				GCC_C_LANGUAGE_STANDARD = gnu11;
				GCC_DYNAMIC_NO_PIC = NO;
				GCC_NO_COMMON_BLOCKS = YES;
				GCC_OPTIMIZATION_LEVEL = 0;
				GCC_PREPROCESSOR_DEFINITIONS = (
					"DEBUG=1",
					"$(inherited)",
				);
				GCC_WARN_64_TO_32_BIT_CONVERSION = YES;
				GCC_WARN_ABOUT_RETURN_TYPE = YES_ERROR;
				GCC_WARN_UNDECLARED_SELECTOR = YES;
				GCC_WARN_UNINITIALIZED_AUTOS = YES_AGGRESSIVE;
				GCC_WARN_UNUSED_FUNCTION = YES;
				GCC_WARN_UNUSED_VARIABLE = YES;
				IPHONEOS_DEPLOYMENT_TARGET = 16.0;
				MTL_ENABLE_DEBUG_INFO = INCLUDE_SOURCE;
				MTL_FAST_MATH = YES;
				ONLY_ACTIVE_ARCH = YES;
				SDKROOT = iphoneos;
				SWIFT_ACTIVE_COMPILATION_CONDITIONS = DEBUG;
				SWIFT_OPTIMIZATION_LEVEL = "-Onone";
			};
			name = Debug;
		};
		84250D5128F73D9A00B02F31 /* Release */ = {
			isa = XCBuildConfiguration;
			buildSettings = {
				ALWAYS_SEARCH_USER_PATHS = NO;
				CLANG_ANALYZER_NONNULL = YES;
				CLANG_ANALYZER_NUMBER_OBJECT_CONVERSION = YES_AGGRESSIVE;
				CLANG_CXX_LANGUAGE_STANDARD = "gnu++20";
				CLANG_ENABLE_MODULES = YES;
				CLANG_ENABLE_OBJC_ARC = YES;
				CLANG_ENABLE_OBJC_WEAK = YES;
				CLANG_WARN_BLOCK_CAPTURE_AUTORELEASING = YES;
				CLANG_WARN_BOOL_CONVERSION = YES;
				CLANG_WARN_COMMA = YES;
				CLANG_WARN_CONSTANT_CONVERSION = YES;
				CLANG_WARN_DEPRECATED_OBJC_IMPLEMENTATIONS = YES;
				CLANG_WARN_DIRECT_OBJC_ISA_USAGE = YES_ERROR;
				CLANG_WARN_DOCUMENTATION_COMMENTS = YES;
				CLANG_WARN_EMPTY_BODY = YES;
				CLANG_WARN_ENUM_CONVERSION = YES;
				CLANG_WARN_INFINITE_RECURSION = YES;
				CLANG_WARN_INT_CONVERSION = YES;
				CLANG_WARN_NON_LITERAL_NULL_CONVERSION = YES;
				CLANG_WARN_OBJC_IMPLICIT_RETAIN_SELF = YES;
				CLANG_WARN_OBJC_LITERAL_CONVERSION = YES;
				CLANG_WARN_OBJC_ROOT_CLASS = YES_ERROR;
				CLANG_WARN_QUOTED_INCLUDE_IN_FRAMEWORK_HEADER = YES;
				CLANG_WARN_RANGE_LOOP_ANALYSIS = YES;
				CLANG_WARN_STRICT_PROTOTYPES = YES;
				CLANG_WARN_SUSPICIOUS_MOVE = YES;
				CLANG_WARN_UNGUARDED_AVAILABILITY = YES_AGGRESSIVE;
				CLANG_WARN_UNREACHABLE_CODE = YES;
				CLANG_WARN__DUPLICATE_METHOD_MATCH = YES;
				COPY_PHASE_STRIP = NO;
				DEBUG_INFORMATION_FORMAT = "dwarf-with-dsym";
				ENABLE_NS_ASSERTIONS = NO;
				ENABLE_STRICT_OBJC_MSGSEND = YES;
				GCC_C_LANGUAGE_STANDARD = gnu11;
				GCC_NO_COMMON_BLOCKS = YES;
				GCC_WARN_64_TO_32_BIT_CONVERSION = YES;
				GCC_WARN_ABOUT_RETURN_TYPE = YES_ERROR;
				GCC_WARN_UNDECLARED_SELECTOR = YES;
				GCC_WARN_UNINITIALIZED_AUTOS = YES_AGGRESSIVE;
				GCC_WARN_UNUSED_FUNCTION = YES;
				GCC_WARN_UNUSED_VARIABLE = YES;
				IPHONEOS_DEPLOYMENT_TARGET = 16.0;
				MTL_ENABLE_DEBUG_INFO = NO;
				MTL_FAST_MATH = YES;
				SDKROOT = iphoneos;
				SWIFT_COMPILATION_MODE = wholemodule;
				SWIFT_OPTIMIZATION_LEVEL = "-O";
				VALIDATE_PRODUCT = YES;
			};
			name = Release;
		};
		84250D5328F73D9A00B02F31 /* Debug */ = {
			isa = XCBuildConfiguration;
			buildSettings = {
				ASSETCATALOG_COMPILER_APPICON_NAME = AppIcon;
				ASSETCATALOG_COMPILER_GLOBAL_ACCENT_COLOR_NAME = AccentColor;
				CODE_SIGN_STYLE = Automatic;
				CURRENT_PROJECT_VERSION = 1;
				DEVELOPMENT_TEAM = WY4NTQ9VFQ;
				GENERATE_INFOPLIST_FILE = YES;
				INFOPLIST_FILE = "≪That's the spirit≫/Info.plist";
				INFOPLIST_KEY_UIApplicationSupportsIndirectInputEvents = YES;
				INFOPLIST_KEY_UILaunchStoryboardName = LaunchScreen;
				INFOPLIST_KEY_UIMainStoryboardFile = Main;
				INFOPLIST_KEY_UISupportedInterfaceOrientations_iPad = "UIInterfaceOrientationPortrait UIInterfaceOrientationPortraitUpsideDown UIInterfaceOrientationLandscapeLeft UIInterfaceOrientationLandscapeRight";
				INFOPLIST_KEY_UISupportedInterfaceOrientations_iPhone = "UIInterfaceOrientationPortrait UIInterfaceOrientationLandscapeLeft UIInterfaceOrientationLandscapeRight";
				LD_RUNPATH_SEARCH_PATHS = (
					"$(inherited)",
					"@executable_path/Frameworks",
				);
				MARKETING_VERSION = 1.0;
				PRODUCT_BUNDLE_IDENTIFIER = "com.hubanau.proj.-That-s-the-spirit-";
				PRODUCT_NAME = "$(TARGET_NAME)";
				SWIFT_EMIT_LOC_STRINGS = YES;
				SWIFT_VERSION = 5.0;
				TARGETED_DEVICE_FAMILY = "1,2";
			};
			name = Debug;
		};
		84250D5428F73D9A00B02F31 /* Release */ = {
			isa = XCBuildConfiguration;
			buildSettings = {
				ASSETCATALOG_COMPILER_APPICON_NAME = AppIcon;
				ASSETCATALOG_COMPILER_GLOBAL_ACCENT_COLOR_NAME = AccentColor;
				CODE_SIGN_STYLE = Automatic;
				CURRENT_PROJECT_VERSION = 1;
				DEVELOPMENT_TEAM = WY4NTQ9VFQ;
				GENERATE_INFOPLIST_FILE = YES;
				INFOPLIST_FILE = "≪That's the spirit≫/Info.plist";
				INFOPLIST_KEY_UIApplicationSupportsIndirectInputEvents = YES;
				INFOPLIST_KEY_UILaunchStoryboardName = LaunchScreen;
				INFOPLIST_KEY_UIMainStoryboardFile = Main;
				INFOPLIST_KEY_UISupportedInterfaceOrientations_iPad = "UIInterfaceOrientationPortrait UIInterfaceOrientationPortraitUpsideDown UIInterfaceOrientationLandscapeLeft UIInterfaceOrientationLandscapeRight";
				INFOPLIST_KEY_UISupportedInterfaceOrientations_iPhone = "UIInterfaceOrientationPortrait UIInterfaceOrientationLandscapeLeft UIInterfaceOrientationLandscapeRight";
				LD_RUNPATH_SEARCH_PATHS = (
					"$(inherited)",
					"@executable_path/Frameworks",
				);
				MARKETING_VERSION = 1.0;
				PRODUCT_BUNDLE_IDENTIFIER = "com.hubanau.proj.-That-s-the-spirit-";
				PRODUCT_NAME = "$(TARGET_NAME)";
				SWIFT_EMIT_LOC_STRINGS = YES;
				SWIFT_VERSION = 5.0;
				TARGETED_DEVICE_FAMILY = "1,2";
			};
			name = Release;
		};
/* End XCBuildConfiguration section */

/* Begin XCConfigurationList section */
		84250D3928F73D9900B02F31 /* Build configuration list for PBXProject "Calcifer chasing" */ = {
			isa = XCConfigurationList;
			buildConfigurations = (
				84250D5028F73D9A00B02F31 /* Debug */,
				84250D5128F73D9A00B02F31 /* Release */,
			);
			defaultConfigurationIsVisible = 0;
			defaultConfigurationName = Release;
		};
		84250D5228F73D9A00B02F31 /* Build configuration list for PBXNativeTarget "Calcifer chasing" */ = {
			isa = XCConfigurationList;
			buildConfigurations = (
				84250D5328F73D9A00B02F31 /* Debug */,
				84250D5428F73D9A00B02F31 /* Release */,
			);
			defaultConfigurationIsVisible = 0;
			defaultConfigurationName = Release;
		};
/* End XCConfigurationList section */
	};
	rootObject = 84250D3628F73D9900B02F31 /* Project object */;
}
